// !$*UTF8*$!
{
	archiveVersion = 1;
	classes = {
	};
	objectVersion = 51;
	objects = {

/* Begin PBXBuildFile section */
		09D975DBFD087BF9EABD3C21 /* Pods_IOS_IOSUITests.framework in Frameworks */ = {isa = PBXBuildFile; fileRef = E6814ECA26FFE1CA3467C934 /* Pods_IOS_IOSUITests.framework */; };
		390895402612BE1000480F82 /* ChattingViewController.swift in Sources */ = {isa = PBXBuildFile; fileRef = 3908953F2612BE1000480F82 /* ChattingViewController.swift */; };
		391555C4260DAB85003D021A /* Rooms.swift in Sources */ = {isa = PBXBuildFile; fileRef = 391555C3260DAB85003D021A /* Rooms.swift */; };
		39500D4D25F7ACC90062EFAD /* BurningUpMainViewController.swift in Sources */ = {isa = PBXBuildFile; fileRef = 39500D4C25F7ACC90062EFAD /* BurningUpMainViewController.swift */; };
		39500D5225F7B38E0062EFAD /* ResetPasswordViewController.swift in Sources */ = {isa = PBXBuildFile; fileRef = 39500D5125F7B38E0062EFAD /* ResetPasswordViewController.swift */; };
		39500D5725F7B6D90062EFAD /* SignInImageNicknameViewcontroller.swift in Sources */ = {isa = PBXBuildFile; fileRef = 39500D5625F7B6D90062EFAD /* SignInImageNicknameViewcontroller.swift */; };
		39500D8925F7B8DB0062EFAD /* UserFunction.swift in Sources */ = {isa = PBXBuildFile; fileRef = 39500D8825F7B8DB0062EFAD /* UserFunction.swift */; };
		395E1BD125F653E800616684 /* LoginViewController.swift in Sources */ = {isa = PBXBuildFile; fileRef = 395E1BD025F653E800616684 /* LoginViewController.swift */; };
		395E1BD925F6613100616684 /* BurningUpMain.storyboard in Resources */ = {isa = PBXBuildFile; fileRef = 395E1BD825F6613100616684 /* BurningUpMain.storyboard */; };
		395E1BDE25F6616400616684 /* SignInEmailViewController.swift in Sources */ = {isa = PBXBuildFile; fileRef = 395E1BDD25F6616400616684 /* SignInEmailViewController.swift */; };
		396A69A8260F726900D41EFB /* ChattingViewTableClass.swift in Sources */ = {isa = PBXBuildFile; fileRef = 396A69A7260F726900D41EFB /* ChattingViewTableClass.swift */; };
		3983109C25F5034D00509D81 /* BurningUpSignInUp.storyboard in Resources */ = {isa = PBXBuildFile; fileRef = 3983109B25F5034D00509D81 /* BurningUpSignInUp.storyboard */; };
		398E132225E3D14C00AE21A8 /* GoogleService-Info.plist in Resources */ = {isa = PBXBuildFile; fileRef = 398E132125E3D14C00AE21A8 /* GoogleService-Info.plist */; };
		399652B8260C272700E1B1C4 /* PlusRoomViewController.swift in Sources */ = {isa = PBXBuildFile; fileRef = 399652B7260C272700E1B1C4 /* PlusRoomViewController.swift */; };
		399A95182601C2CE00241661 /* MemoView.swift in Sources */ = {isa = PBXBuildFile; fileRef = 399A95172601C2CE00241661 /* MemoView.swift */; };
		399A951D2601C2D700241661 /* MemoView.xib in Resources */ = {isa = PBXBuildFile; fileRef = 399A951C2601C2D700241661 /* MemoView.xib */; };
		39A1117B25FF226D00A54A5C /* RoomSummaryView.swift in Sources */ = {isa = PBXBuildFile; fileRef = 39A1117A25FF226D00A54A5C /* RoomSummaryView.swift */; };
		39A1118B25FF22AF00A54A5C /* RoomSummaryView.xib in Resources */ = {isa = PBXBuildFile; fileRef = 39A1118A25FF22AF00A54A5C /* RoomSummaryView.xib */; };
		39B3D63925E37F0B003C3756 /* AppDelegate.swift in Sources */ = {isa = PBXBuildFile; fileRef = 39B3D63825E37F0B003C3756 /* AppDelegate.swift */; };
		39B3D63B25E37F0B003C3756 /* SceneDelegate.swift in Sources */ = {isa = PBXBuildFile; fileRef = 39B3D63A25E37F0B003C3756 /* SceneDelegate.swift */; };
		39B3D64225E37F0B003C3756 /* Assets.xcassets in Resources */ = {isa = PBXBuildFile; fileRef = 39B3D64125E37F0B003C3756 /* Assets.xcassets */; };
		39B3D64525E37F0B003C3756 /* LaunchScreen.storyboard in Resources */ = {isa = PBXBuildFile; fileRef = 39B3D64325E37F0B003C3756 /* LaunchScreen.storyboard */; };
		39B3D65025E37F0B003C3756 /* IOSTests.swift in Sources */ = {isa = PBXBuildFile; fileRef = 39B3D64F25E37F0B003C3756 /* IOSTests.swift */; };
		39B3D65B25E37F0B003C3756 /* IOSUITests.swift in Sources */ = {isa = PBXBuildFile; fileRef = 39B3D65A25E37F0B003C3756 /* IOSUITests.swift */; };
		39B8270426086AE8009D5769 /* PlusFriendViewController.swift in Sources */ = {isa = PBXBuildFile; fileRef = 39B8270326086AE8009D5769 /* PlusFriendViewController.swift */; };
		39BA70052600DB38009CB3CE /* SideMenuView.xib in Resources */ = {isa = PBXBuildFile; fileRef = 39BA70042600DB38009CB3CE /* SideMenuView.xib */; };
		39BA700A2600DB46009CB3CE /* SideMenuView.swift in Sources */ = {isa = PBXBuildFile; fileRef = 39BA70092600DB46009CB3CE /* SideMenuView.swift */; };
		39BA700F2600DD2D009CB3CE /* ViewExtension.swift in Sources */ = {isa = PBXBuildFile; fileRef = 39BA700E2600DD2D009CB3CE /* ViewExtension.swift */; };
		39BCBA792602290600273D5B /* HomeView.xib in Resources */ = {isa = PBXBuildFile; fileRef = 39BCBA782602290600273D5B /* HomeView.xib */; };
		39BCBA7E2602291400273D5B /* HomeView.swift in Sources */ = {isa = PBXBuildFile; fileRef = 39BCBA7D2602291400273D5B /* HomeView.swift */; };
		39BCBA86260242C000273D5B /* FriendsView.swift in Sources */ = {isa = PBXBuildFile; fileRef = 39BCBA85260242C000273D5B /* FriendsView.swift */; };
		39BCBA8B260242CC00273D5B /* FriendsView.xib in Resources */ = {isa = PBXBuildFile; fileRef = 39BCBA8A260242CC00273D5B /* FriendsView.xib */; };
		39C41B922607885A006D6509 /* FriendsViewTableClass.swift in Sources */ = {isa = PBXBuildFile; fileRef = 39C41B912607885A006D6509 /* FriendsViewTableClass.swift */; };
		39C7622426048BF20046EF3C /* ChattingView.xib in Resources */ = {isa = PBXBuildFile; fileRef = 39C7622326048BF20046EF3C /* ChattingView.xib */; };
		39C7622926048BF80046EF3C /* ChattingView.swift in Sources */ = {isa = PBXBuildFile; fileRef = 39C7622826048BF80046EF3C /* ChattingView.swift */; };
		39CE7A13260473D100BD3CB7 /* HomeTopBar.swift in Sources */ = {isa = PBXBuildFile; fileRef = 39CE7A12260473D100BD3CB7 /* HomeTopBar.swift */; };
		39CE7A18260473DB00BD3CB7 /* HomeTopBar.xib in Resources */ = {isa = PBXBuildFile; fileRef = 39CE7A17260473DB00BD3CB7 /* HomeTopBar.xib */; };
		39CE7A1D260477EA00BD3CB7 /* FriendsTopBar.swift in Sources */ = {isa = PBXBuildFile; fileRef = 39CE7A1C260477EA00BD3CB7 /* FriendsTopBar.swift */; };
		39CE7A22260477F200BD3CB7 /* FriendsTopBar.xib in Resources */ = {isa = PBXBuildFile; fileRef = 39CE7A21260477F200BD3CB7 /* FriendsTopBar.xib */; };
		39CE7A272604780E00BD3CB7 /* ChattingTopBar.swift in Sources */ = {isa = PBXBuildFile; fileRef = 39CE7A262604780E00BD3CB7 /* ChattingTopBar.swift */; };
		39CE7A2C2604781500BD3CB7 /* ChattingTopBar.xib in Resources */ = {isa = PBXBuildFile; fileRef = 39CE7A2B2604781500BD3CB7 /* ChattingTopBar.xib */; };
		A7BEAAB987480238A640E0E6 /* Pods_IOSTests.framework in Frameworks */ = {isa = PBXBuildFile; fileRef = 42240BD9E2F1FE728ED85FBD /* Pods_IOSTests.framework */; };
		D91B46FBF9994392118BF373 /* Pods_IOS.framework in Frameworks */ = {isa = PBXBuildFile; fileRef = 49BD3033B37D0EBAC613D34E /* Pods_IOS.framework */; };
/* End PBXBuildFile section */

/* Begin PBXContainerItemProxy section */
		39B3D64C25E37F0B003C3756 /* PBXContainerItemProxy */ = {
			isa = PBXContainerItemProxy;
			containerPortal = 39B3D62D25E37F0B003C3756 /* Project object */;
			proxyType = 1;
			remoteGlobalIDString = 39B3D63425E37F0B003C3756;
			remoteInfo = IOS;
		};
		39B3D65725E37F0B003C3756 /* PBXContainerItemProxy */ = {
			isa = PBXContainerItemProxy;
			containerPortal = 39B3D62D25E37F0B003C3756 /* Project object */;
			proxyType = 1;
			remoteGlobalIDString = 39B3D63425E37F0B003C3756;
			remoteInfo = IOS;
		};
/* End PBXContainerItemProxy section */

/* Begin PBXFileReference section */
		350E49AE96982DA21D194493 /* Pods-IOSTests.debug.xcconfig */ = {isa = PBXFileReference; includeInIndex = 1; lastKnownFileType = text.xcconfig; name = "Pods-IOSTests.debug.xcconfig"; path = "Target Support Files/Pods-IOSTests/Pods-IOSTests.debug.xcconfig"; sourceTree = "<group>"; };
		3908953F2612BE1000480F82 /* ChattingViewController.swift */ = {isa = PBXFileReference; lastKnownFileType = sourcecode.swift; path = ChattingViewController.swift; sourceTree = "<group>"; };
		391555C3260DAB85003D021A /* Rooms.swift */ = {isa = PBXFileReference; lastKnownFileType = sourcecode.swift; path = Rooms.swift; sourceTree = "<group>"; };
		39500D4C25F7ACC90062EFAD /* BurningUpMainViewController.swift */ = {isa = PBXFileReference; lastKnownFileType = sourcecode.swift; path = BurningUpMainViewController.swift; sourceTree = "<group>"; };
		39500D5125F7B38E0062EFAD /* ResetPasswordViewController.swift */ = {isa = PBXFileReference; lastKnownFileType = sourcecode.swift; path = ResetPasswordViewController.swift; sourceTree = "<group>"; };
		39500D5625F7B6D90062EFAD /* SignInImageNicknameViewcontroller.swift */ = {isa = PBXFileReference; lastKnownFileType = sourcecode.swift; path = SignInImageNicknameViewcontroller.swift; sourceTree = "<group>"; };
		39500D8825F7B8DB0062EFAD /* UserFunction.swift */ = {isa = PBXFileReference; lastKnownFileType = sourcecode.swift; path = UserFunction.swift; sourceTree = "<group>"; };
		395E1BD025F653E800616684 /* LoginViewController.swift */ = {isa = PBXFileReference; lastKnownFileType = sourcecode.swift; path = LoginViewController.swift; sourceTree = "<group>"; };
		395E1BD825F6613100616684 /* BurningUpMain.storyboard */ = {isa = PBXFileReference; lastKnownFileType = file.storyboard; path = BurningUpMain.storyboard; sourceTree = "<group>"; };
		395E1BDD25F6616400616684 /* SignInEmailViewController.swift */ = {isa = PBXFileReference; lastKnownFileType = sourcecode.swift; path = SignInEmailViewController.swift; sourceTree = "<group>"; };
		396A69A7260F726900D41EFB /* ChattingViewTableClass.swift */ = {isa = PBXFileReference; lastKnownFileType = sourcecode.swift; path = ChattingViewTableClass.swift; sourceTree = "<group>"; };
		3983109B25F5034D00509D81 /* BurningUpSignInUp.storyboard */ = {isa = PBXFileReference; lastKnownFileType = file.storyboard; path = BurningUpSignInUp.storyboard; sourceTree = "<group>"; };
		398E132125E3D14C00AE21A8 /* GoogleService-Info.plist */ = {isa = PBXFileReference; fileEncoding = 4; lastKnownFileType = text.plist.xml; name = "GoogleService-Info.plist"; path = "../../../../Downloads/GoogleService-Info.plist"; sourceTree = "<group>"; };
		399652B7260C272700E1B1C4 /* PlusRoomViewController.swift */ = {isa = PBXFileReference; lastKnownFileType = sourcecode.swift; path = PlusRoomViewController.swift; sourceTree = "<group>"; };
		399A95172601C2CE00241661 /* MemoView.swift */ = {isa = PBXFileReference; lastKnownFileType = sourcecode.swift; path = MemoView.swift; sourceTree = "<group>"; };
		399A951C2601C2D700241661 /* MemoView.xib */ = {isa = PBXFileReference; lastKnownFileType = file.xib; path = MemoView.xib; sourceTree = "<group>"; };
		39A1117A25FF226D00A54A5C /* RoomSummaryView.swift */ = {isa = PBXFileReference; lastKnownFileType = sourcecode.swift; path = RoomSummaryView.swift; sourceTree = "<group>"; };
		39A1118A25FF22AF00A54A5C /* RoomSummaryView.xib */ = {isa = PBXFileReference; lastKnownFileType = file.xib; path = RoomSummaryView.xib; sourceTree = "<group>"; };
		39B3D63525E37F0B003C3756 /* IOS.app */ = {isa = PBXFileReference; explicitFileType = wrapper.application; includeInIndex = 0; path = IOS.app; sourceTree = BUILT_PRODUCTS_DIR; };
		39B3D63825E37F0B003C3756 /* AppDelegate.swift */ = {isa = PBXFileReference; lastKnownFileType = sourcecode.swift; path = AppDelegate.swift; sourceTree = "<group>"; };
		39B3D63A25E37F0B003C3756 /* SceneDelegate.swift */ = {isa = PBXFileReference; lastKnownFileType = sourcecode.swift; path = SceneDelegate.swift; sourceTree = "<group>"; };
		39B3D64125E37F0B003C3756 /* Assets.xcassets */ = {isa = PBXFileReference; lastKnownFileType = folder.assetcatalog; path = Assets.xcassets; sourceTree = "<group>"; };
		39B3D64425E37F0B003C3756 /* Base */ = {isa = PBXFileReference; lastKnownFileType = file.storyboard; name = Base; path = Base.lproj/LaunchScreen.storyboard; sourceTree = "<group>"; };
		39B3D64625E37F0B003C3756 /* Info.plist */ = {isa = PBXFileReference; lastKnownFileType = text.plist.xml; path = Info.plist; sourceTree = "<group>"; };
		39B3D64B25E37F0B003C3756 /* IOSTests.xctest */ = {isa = PBXFileReference; explicitFileType = wrapper.cfbundle; includeInIndex = 0; path = IOSTests.xctest; sourceTree = BUILT_PRODUCTS_DIR; };
		39B3D64F25E37F0B003C3756 /* IOSTests.swift */ = {isa = PBXFileReference; lastKnownFileType = sourcecode.swift; path = IOSTests.swift; sourceTree = "<group>"; };
		39B3D65125E37F0B003C3756 /* Info.plist */ = {isa = PBXFileReference; lastKnownFileType = text.plist.xml; path = Info.plist; sourceTree = "<group>"; };
		39B3D65625E37F0B003C3756 /* IOSUITests.xctest */ = {isa = PBXFileReference; explicitFileType = wrapper.cfbundle; includeInIndex = 0; path = IOSUITests.xctest; sourceTree = BUILT_PRODUCTS_DIR; };
		39B3D65A25E37F0B003C3756 /* IOSUITests.swift */ = {isa = PBXFileReference; lastKnownFileType = sourcecode.swift; path = IOSUITests.swift; sourceTree = "<group>"; };
		39B3D65C25E37F0B003C3756 /* Info.plist */ = {isa = PBXFileReference; lastKnownFileType = text.plist.xml; path = Info.plist; sourceTree = "<group>"; };
		39B8270326086AE8009D5769 /* PlusFriendViewController.swift */ = {isa = PBXFileReference; lastKnownFileType = sourcecode.swift; path = PlusFriendViewController.swift; sourceTree = "<group>"; };
		39BA70042600DB38009CB3CE /* SideMenuView.xib */ = {isa = PBXFileReference; lastKnownFileType = file.xib; path = SideMenuView.xib; sourceTree = "<group>"; };
		39BA70092600DB46009CB3CE /* SideMenuView.swift */ = {isa = PBXFileReference; lastKnownFileType = sourcecode.swift; path = SideMenuView.swift; sourceTree = "<group>"; };
		39BA700E2600DD2D009CB3CE /* ViewExtension.swift */ = {isa = PBXFileReference; lastKnownFileType = sourcecode.swift; path = ViewExtension.swift; sourceTree = "<group>"; };
		39BCBA782602290600273D5B /* HomeView.xib */ = {isa = PBXFileReference; lastKnownFileType = file.xib; path = HomeView.xib; sourceTree = "<group>"; };
		39BCBA7D2602291400273D5B /* HomeView.swift */ = {isa = PBXFileReference; lastKnownFileType = sourcecode.swift; path = HomeView.swift; sourceTree = "<group>"; };
		39BCBA85260242C000273D5B /* FriendsView.swift */ = {isa = PBXFileReference; lastKnownFileType = sourcecode.swift; path = FriendsView.swift; sourceTree = "<group>"; };
		39BCBA8A260242CC00273D5B /* FriendsView.xib */ = {isa = PBXFileReference; lastKnownFileType = file.xib; path = FriendsView.xib; sourceTree = "<group>"; };
		39C41B912607885A006D6509 /* FriendsViewTableClass.swift */ = {isa = PBXFileReference; lastKnownFileType = sourcecode.swift; path = FriendsViewTableClass.swift; sourceTree = "<group>"; };
		39C7622326048BF20046EF3C /* ChattingView.xib */ = {isa = PBXFileReference; lastKnownFileType = file.xib; path = ChattingView.xib; sourceTree = "<group>"; };
		39C7622826048BF80046EF3C /* ChattingView.swift */ = {isa = PBXFileReference; lastKnownFileType = sourcecode.swift; path = ChattingView.swift; sourceTree = "<group>"; };
		39CE7A12260473D100BD3CB7 /* HomeTopBar.swift */ = {isa = PBXFileReference; lastKnownFileType = sourcecode.swift; path = HomeTopBar.swift; sourceTree = "<group>"; };
		39CE7A17260473DB00BD3CB7 /* HomeTopBar.xib */ = {isa = PBXFileReference; lastKnownFileType = file.xib; path = HomeTopBar.xib; sourceTree = "<group>"; };
		39CE7A1C260477EA00BD3CB7 /* FriendsTopBar.swift */ = {isa = PBXFileReference; lastKnownFileType = sourcecode.swift; path = FriendsTopBar.swift; sourceTree = "<group>"; };
		39CE7A21260477F200BD3CB7 /* FriendsTopBar.xib */ = {isa = PBXFileReference; lastKnownFileType = file.xib; path = FriendsTopBar.xib; sourceTree = "<group>"; };
		39CE7A262604780E00BD3CB7 /* ChattingTopBar.swift */ = {isa = PBXFileReference; lastKnownFileType = sourcecode.swift; path = ChattingTopBar.swift; sourceTree = "<group>"; };
		39CE7A2B2604781500BD3CB7 /* ChattingTopBar.xib */ = {isa = PBXFileReference; lastKnownFileType = file.xib; path = ChattingTopBar.xib; sourceTree = "<group>"; };
		42240BD9E2F1FE728ED85FBD /* Pods_IOSTests.framework */ = {isa = PBXFileReference; explicitFileType = wrapper.framework; includeInIndex = 0; path = Pods_IOSTests.framework; sourceTree = BUILT_PRODUCTS_DIR; };
		49BD3033B37D0EBAC613D34E /* Pods_IOS.framework */ = {isa = PBXFileReference; explicitFileType = wrapper.framework; includeInIndex = 0; path = Pods_IOS.framework; sourceTree = BUILT_PRODUCTS_DIR; };
		6CAFE1BA32725F3A7C581BA7 /* Pods-IOSTests.release.xcconfig */ = {isa = PBXFileReference; includeInIndex = 1; lastKnownFileType = text.xcconfig; name = "Pods-IOSTests.release.xcconfig"; path = "Target Support Files/Pods-IOSTests/Pods-IOSTests.release.xcconfig"; sourceTree = "<group>"; };
		715C07CBB3209217E95FD51E /* Pods-IOS-IOSUITests.release.xcconfig */ = {isa = PBXFileReference; includeInIndex = 1; lastKnownFileType = text.xcconfig; name = "Pods-IOS-IOSUITests.release.xcconfig"; path = "Target Support Files/Pods-IOS-IOSUITests/Pods-IOS-IOSUITests.release.xcconfig"; sourceTree = "<group>"; };
		721E893BDC20C65836FEB09A /* Pods-IOS.debug.xcconfig */ = {isa = PBXFileReference; includeInIndex = 1; lastKnownFileType = text.xcconfig; name = "Pods-IOS.debug.xcconfig"; path = "Target Support Files/Pods-IOS/Pods-IOS.debug.xcconfig"; sourceTree = "<group>"; };
		7BA500C117AD6B4530673BB8 /* Pods-IOS.release.xcconfig */ = {isa = PBXFileReference; includeInIndex = 1; lastKnownFileType = text.xcconfig; name = "Pods-IOS.release.xcconfig"; path = "Target Support Files/Pods-IOS/Pods-IOS.release.xcconfig"; sourceTree = "<group>"; };
		A37DE78A9CD651B784CEB482 /* Pods-IOS-IOSUITests.debug.xcconfig */ = {isa = PBXFileReference; includeInIndex = 1; lastKnownFileType = text.xcconfig; name = "Pods-IOS-IOSUITests.debug.xcconfig"; path = "Target Support Files/Pods-IOS-IOSUITests/Pods-IOS-IOSUITests.debug.xcconfig"; sourceTree = "<group>"; };
		E6814ECA26FFE1CA3467C934 /* Pods_IOS_IOSUITests.framework */ = {isa = PBXFileReference; explicitFileType = wrapper.framework; includeInIndex = 0; path = Pods_IOS_IOSUITests.framework; sourceTree = BUILT_PRODUCTS_DIR; };
/* End PBXFileReference section */

/* Begin PBXFrameworksBuildPhase section */
		39B3D63225E37F0B003C3756 /* Frameworks */ = {
			isa = PBXFrameworksBuildPhase;
			buildActionMask = 2147483647;
			files = (
				D91B46FBF9994392118BF373 /* Pods_IOS.framework in Frameworks */,
			);
			runOnlyForDeploymentPostprocessing = 0;
		};
		39B3D64825E37F0B003C3756 /* Frameworks */ = {
			isa = PBXFrameworksBuildPhase;
			buildActionMask = 2147483647;
			files = (
				A7BEAAB987480238A640E0E6 /* Pods_IOSTests.framework in Frameworks */,
			);
			runOnlyForDeploymentPostprocessing = 0;
		};
		39B3D65325E37F0B003C3756 /* Frameworks */ = {
			isa = PBXFrameworksBuildPhase;
			buildActionMask = 2147483647;
			files = (
				09D975DBFD087BF9EABD3C21 /* Pods_IOS_IOSUITests.framework in Frameworks */,
			);
			runOnlyForDeploymentPostprocessing = 0;
		};
/* End PBXFrameworksBuildPhase section */

/* Begin PBXGroup section */
		39196FA025FE58BD00A4C66B /* SignInUp */ = {
			isa = PBXGroup;
			children = (
				395E1BD025F653E800616684 /* LoginViewController.swift */,
				395E1BDD25F6616400616684 /* SignInEmailViewController.swift */,
				39500D5625F7B6D90062EFAD /* SignInImageNicknameViewcontroller.swift */,
				39500D5125F7B38E0062EFAD /* ResetPasswordViewController.swift */,
			);
			path = SignInUp;
			sourceTree = "<group>";
		};
		39196FA125FE58DD00A4C66B /* MainService */ = {
			isa = PBXGroup;
			children = (
				39500D4C25F7ACC90062EFAD /* BurningUpMainViewController.swift */,
				39B8270326086AE8009D5769 /* PlusFriendViewController.swift */,
				399652B7260C272700E1B1C4 /* PlusRoomViewController.swift */,
				3908953F2612BE1000480F82 /* ChattingViewController.swift */,
			);
			path = MainService;
			sourceTree = "<group>";
		};
		398E136825E3DEF500AE21A8 /* StoryBoard */ = {
			isa = PBXGroup;
			children = (
				39B3D64325E37F0B003C3756 /* LaunchScreen.storyboard */,
				3983109B25F5034D00509D81 /* BurningUpSignInUp.storyboard */,
				395E1BD825F6613100616684 /* BurningUpMain.storyboard */,
			);
			path = StoryBoard;
			sourceTree = "<group>";
		};
		398E137B25E3FF2000AE21A8 /* Controller */ = {
			isa = PBXGroup;
			children = (
				39196FA125FE58DD00A4C66B /* MainService */,
				39196FA025FE58BD00A4C66B /* SignInUp */,
			);
			path = Controller;
			sourceTree = "<group>";
		};
		398E138425E401CC00AE21A8 /* ViewModel */ = {
			isa = PBXGroup;
			children = (
				39500D8825F7B8DB0062EFAD /* UserFunction.swift */,
				391555C3260DAB85003D021A /* Rooms.swift */,
			);
			path = ViewModel;
			sourceTree = "<group>";
		};
		39A1117925FF21D700A54A5C /* CustomViews */ = {
			isa = PBXGroup;
			children = (
				39BA700E2600DD2D009CB3CE /* ViewExtension.swift */,
				39A1117A25FF226D00A54A5C /* RoomSummaryView.swift */,
				39A1118A25FF22AF00A54A5C /* RoomSummaryView.xib */,
				39BA70092600DB46009CB3CE /* SideMenuView.swift */,
				39BA70042600DB38009CB3CE /* SideMenuView.xib */,
				399A95172601C2CE00241661 /* MemoView.swift */,
				399A951C2601C2D700241661 /* MemoView.xib */,
				39BCBA7D2602291400273D5B /* HomeView.swift */,
				39BCBA782602290600273D5B /* HomeView.xib */,
				39C41B912607885A006D6509 /* FriendsViewTableClass.swift */,
				39BCBA85260242C000273D5B /* FriendsView.swift */,
				39BCBA8A260242CC00273D5B /* FriendsView.xib */,
				396A69A7260F726900D41EFB /* ChattingViewTableClass.swift */,
				39C7622826048BF80046EF3C /* ChattingView.swift */,
				39C7622326048BF20046EF3C /* ChattingView.xib */,
				39CE7A12260473D100BD3CB7 /* HomeTopBar.swift */,
				39CE7A17260473DB00BD3CB7 /* HomeTopBar.xib */,
				39CE7A1C260477EA00BD3CB7 /* FriendsTopBar.swift */,
				39CE7A21260477F200BD3CB7 /* FriendsTopBar.xib */,
				39CE7A262604780E00BD3CB7 /* ChattingTopBar.swift */,
				39CE7A2B2604781500BD3CB7 /* ChattingTopBar.xib */,
			);
			path = CustomViews;
			sourceTree = "<group>";
		};
		39B3D62C25E37F0B003C3756 = {
			isa = PBXGroup;
			children = (
				39B3D63725E37F0B003C3756 /* IOS */,
				39B3D64E25E37F0B003C3756 /* IOSTests */,
				39B3D65925E37F0B003C3756 /* IOSUITests */,
				39B3D63625E37F0B003C3756 /* Products */,
				8EEF175EF3F2F8F55828B575 /* Pods */,
				AEFE2C9931DCC57E811E6DFE /* Frameworks */,
			);
			sourceTree = "<group>";
		};
		39B3D63625E37F0B003C3756 /* Products */ = {
			isa = PBXGroup;
			children = (
				39B3D63525E37F0B003C3756 /* IOS.app */,
				39B3D64B25E37F0B003C3756 /* IOSTests.xctest */,
				39B3D65625E37F0B003C3756 /* IOSUITests.xctest */,
			);
			name = Products;
			sourceTree = "<group>";
		};
		39B3D63725E37F0B003C3756 /* IOS */ = {
			isa = PBXGroup;
			children = (
				39A1117925FF21D700A54A5C /* CustomViews */,
				398E138425E401CC00AE21A8 /* ViewModel */,
				398E137B25E3FF2000AE21A8 /* Controller */,
				398E136825E3DEF500AE21A8 /* StoryBoard */,
				39B3D63825E37F0B003C3756 /* AppDelegate.swift */,
				39B3D63A25E37F0B003C3756 /* SceneDelegate.swift */,
				39B3D64125E37F0B003C3756 /* Assets.xcassets */,
				398E132125E3D14C00AE21A8 /* GoogleService-Info.plist */,
				39B3D64625E37F0B003C3756 /* Info.plist */,
			);
			path = IOS;
			sourceTree = "<group>";
		};
		39B3D64E25E37F0B003C3756 /* IOSTests */ = {
			isa = PBXGroup;
			children = (
				39B3D64F25E37F0B003C3756 /* IOSTests.swift */,
				39B3D65125E37F0B003C3756 /* Info.plist */,
			);
			path = IOSTests;
			sourceTree = "<group>";
		};
		39B3D65925E37F0B003C3756 /* IOSUITests */ = {
			isa = PBXGroup;
			children = (
				39B3D65A25E37F0B003C3756 /* IOSUITests.swift */,
				39B3D65C25E37F0B003C3756 /* Info.plist */,
			);
			path = IOSUITests;
			sourceTree = "<group>";
		};
		8EEF175EF3F2F8F55828B575 /* Pods */ = {
			isa = PBXGroup;
			children = (
				721E893BDC20C65836FEB09A /* Pods-IOS.debug.xcconfig */,
				7BA500C117AD6B4530673BB8 /* Pods-IOS.release.xcconfig */,
				A37DE78A9CD651B784CEB482 /* Pods-IOS-IOSUITests.debug.xcconfig */,
				715C07CBB3209217E95FD51E /* Pods-IOS-IOSUITests.release.xcconfig */,
				350E49AE96982DA21D194493 /* Pods-IOSTests.debug.xcconfig */,
				6CAFE1BA32725F3A7C581BA7 /* Pods-IOSTests.release.xcconfig */,
			);
			path = Pods;
			sourceTree = "<group>";
		};
		AEFE2C9931DCC57E811E6DFE /* Frameworks */ = {
			isa = PBXGroup;
			children = (
				49BD3033B37D0EBAC613D34E /* Pods_IOS.framework */,
				E6814ECA26FFE1CA3467C934 /* Pods_IOS_IOSUITests.framework */,
				42240BD9E2F1FE728ED85FBD /* Pods_IOSTests.framework */,
			);
			name = Frameworks;
			sourceTree = "<group>";
		};
/* End PBXGroup section */

/* Begin PBXNativeTarget section */
		39B3D63425E37F0B003C3756 /* IOS */ = {
			isa = PBXNativeTarget;
			buildConfigurationList = 39B3D65F25E37F0B003C3756 /* Build configuration list for PBXNativeTarget "IOS" */;
			buildPhases = (
				857A824562B870D3F76E2430 /* [CP] Check Pods Manifest.lock */,
				39B3D63125E37F0B003C3756 /* Sources */,
				39B3D63225E37F0B003C3756 /* Frameworks */,
				39B3D63325E37F0B003C3756 /* Resources */,
				C625262313CE49BBF38D7376 /* [CP] Embed Pods Frameworks */,
			);
			buildRules = (
			);
			dependencies = (
			);
			name = IOS;
			productName = IOS;
			productReference = 39B3D63525E37F0B003C3756 /* IOS.app */;
			productType = "com.apple.product-type.application";
		};
		39B3D64A25E37F0B003C3756 /* IOSTests */ = {
			isa = PBXNativeTarget;
			buildConfigurationList = 39B3D66225E37F0B003C3756 /* Build configuration list for PBXNativeTarget "IOSTests" */;
			buildPhases = (
				6DDBB5AC1BD9F2EAB8DAC7EA /* [CP] Check Pods Manifest.lock */,
				39B3D64725E37F0B003C3756 /* Sources */,
				39B3D64825E37F0B003C3756 /* Frameworks */,
				39B3D64925E37F0B003C3756 /* Resources */,
			);
			buildRules = (
			);
			dependencies = (
				39B3D64D25E37F0B003C3756 /* PBXTargetDependency */,
			);
			name = IOSTests;
			productName = IOSTests;
			productReference = 39B3D64B25E37F0B003C3756 /* IOSTests.xctest */;
			productType = "com.apple.product-type.bundle.unit-test";
		};
		39B3D65525E37F0B003C3756 /* IOSUITests */ = {
			isa = PBXNativeTarget;
			buildConfigurationList = 39B3D66525E37F0B003C3756 /* Build configuration list for PBXNativeTarget "IOSUITests" */;
			buildPhases = (
				B65A31BC00A1CF2351984E42 /* [CP] Check Pods Manifest.lock */,
				39B3D65225E37F0B003C3756 /* Sources */,
				39B3D65325E37F0B003C3756 /* Frameworks */,
				39B3D65425E37F0B003C3756 /* Resources */,
				71097BEB7D6FE35667A5DD55 /* [CP] Embed Pods Frameworks */,
			);
			buildRules = (
			);
			dependencies = (
				39B3D65825E37F0B003C3756 /* PBXTargetDependency */,
			);
			name = IOSUITests;
			productName = IOSUITests;
			productReference = 39B3D65625E37F0B003C3756 /* IOSUITests.xctest */;
			productType = "com.apple.product-type.bundle.ui-testing";
		};
/* End PBXNativeTarget section */

/* Begin PBXProject section */
		39B3D62D25E37F0B003C3756 /* Project object */ = {
			isa = PBXProject;
			attributes = {
				LastSwiftUpdateCheck = 1240;
				LastUpgradeCheck = 1240;
				TargetAttributes = {
					39B3D63425E37F0B003C3756 = {
						CreatedOnToolsVersion = 12.4;
					};
					39B3D64A25E37F0B003C3756 = {
						CreatedOnToolsVersion = 12.4;
						TestTargetID = 39B3D63425E37F0B003C3756;
					};
					39B3D65525E37F0B003C3756 = {
						CreatedOnToolsVersion = 12.4;
						TestTargetID = 39B3D63425E37F0B003C3756;
					};
				};
			};
			buildConfigurationList = 39B3D63025E37F0B003C3756 /* Build configuration list for PBXProject "IOS" */;
			compatibilityVersion = "Xcode 9.3";
			developmentRegion = en;
			hasScannedForEncodings = 0;
			knownRegions = (
				en,
				Base,
			);
			mainGroup = 39B3D62C25E37F0B003C3756;
			productRefGroup = 39B3D63625E37F0B003C3756 /* Products */;
			projectDirPath = "";
			projectRoot = "";
			targets = (
				39B3D63425E37F0B003C3756 /* IOS */,
				39B3D64A25E37F0B003C3756 /* IOSTests */,
				39B3D65525E37F0B003C3756 /* IOSUITests */,
			);
		};
/* End PBXProject section */

/* Begin PBXResourcesBuildPhase section */
		39B3D63325E37F0B003C3756 /* Resources */ = {
			isa = PBXResourcesBuildPhase;
			buildActionMask = 2147483647;
			files = (
				39CE7A2C2604781500BD3CB7 /* ChattingTopBar.xib in Resources */,
				39BCBA8B260242CC00273D5B /* FriendsView.xib in Resources */,
				39B3D64525E37F0B003C3756 /* LaunchScreen.storyboard in Resources */,
				398E132225E3D14C00AE21A8 /* GoogleService-Info.plist in Resources */,
				39BCBA792602290600273D5B /* HomeView.xib in Resources */,
				39BA70052600DB38009CB3CE /* SideMenuView.xib in Resources */,
				39A1118B25FF22AF00A54A5C /* RoomSummaryView.xib in Resources */,
				395E1BD925F6613100616684 /* BurningUpMain.storyboard in Resources */,
				39B3D64225E37F0B003C3756 /* Assets.xcassets in Resources */,
				399A951D2601C2D700241661 /* MemoView.xib in Resources */,
				39C7622426048BF20046EF3C /* ChattingView.xib in Resources */,
				39CE7A22260477F200BD3CB7 /* FriendsTopBar.xib in Resources */,
				3983109C25F5034D00509D81 /* BurningUpSignInUp.storyboard in Resources */,
				39CE7A18260473DB00BD3CB7 /* HomeTopBar.xib in Resources */,
			);
			runOnlyForDeploymentPostprocessing = 0;
		};
		39B3D64925E37F0B003C3756 /* Resources */ = {
			isa = PBXResourcesBuildPhase;
			buildActionMask = 2147483647;
			files = (
			);
			runOnlyForDeploymentPostprocessing = 0;
		};
		39B3D65425E37F0B003C3756 /* Resources */ = {
			isa = PBXResourcesBuildPhase;
			buildActionMask = 2147483647;
			files = (
			);
			runOnlyForDeploymentPostprocessing = 0;
		};
/* End PBXResourcesBuildPhase section */

/* Begin PBXShellScriptBuildPhase section */
		6DDBB5AC1BD9F2EAB8DAC7EA /* [CP] Check Pods Manifest.lock */ = {
			isa = PBXShellScriptBuildPhase;
			buildActionMask = 2147483647;
			files = (
			);
			inputFileListPaths = (
			);
			inputPaths = (
				"${PODS_PODFILE_DIR_PATH}/Podfile.lock",
				"${PODS_ROOT}/Manifest.lock",
			);
			name = "[CP] Check Pods Manifest.lock";
			outputFileListPaths = (
			);
			outputPaths = (
				"$(DERIVED_FILE_DIR)/Pods-IOSTests-checkManifestLockResult.txt",
			);
			runOnlyForDeploymentPostprocessing = 0;
			shellPath = /bin/sh;
			shellScript = "diff \"${PODS_PODFILE_DIR_PATH}/Podfile.lock\" \"${PODS_ROOT}/Manifest.lock\" > /dev/null\nif [ $? != 0 ] ; then\n    # print error to STDERR\n    echo \"error: The sandbox is not in sync with the Podfile.lock. Run 'pod install' or update your CocoaPods installation.\" >&2\n    exit 1\nfi\n# This output is used by Xcode 'outputs' to avoid re-running this script phase.\necho \"SUCCESS\" > \"${SCRIPT_OUTPUT_FILE_0}\"\n";
			showEnvVarsInLog = 0;
		};
		71097BEB7D6FE35667A5DD55 /* [CP] Embed Pods Frameworks */ = {
			isa = PBXShellScriptBuildPhase;
			buildActionMask = 2147483647;
			files = (
			);
			inputFileListPaths = (
				"${PODS_ROOT}/Target Support Files/Pods-IOS-IOSUITests/Pods-IOS-IOSUITests-frameworks-${CONFIGURATION}-input-files.xcfilelist",
			);
			name = "[CP] Embed Pods Frameworks";
			outputFileListPaths = (
				"${PODS_ROOT}/Target Support Files/Pods-IOS-IOSUITests/Pods-IOS-IOSUITests-frameworks-${CONFIGURATION}-output-files.xcfilelist",
			);
			runOnlyForDeploymentPostprocessing = 0;
			shellPath = /bin/sh;
			shellScript = "\"${PODS_ROOT}/Target Support Files/Pods-IOS-IOSUITests/Pods-IOS-IOSUITests-frameworks.sh\"\n";
			showEnvVarsInLog = 0;
		};
		857A824562B870D3F76E2430 /* [CP] Check Pods Manifest.lock */ = {
			isa = PBXShellScriptBuildPhase;
			buildActionMask = 2147483647;
			files = (
			);
			inputFileListPaths = (
			);
			inputPaths = (
				"${PODS_PODFILE_DIR_PATH}/Podfile.lock",
				"${PODS_ROOT}/Manifest.lock",
			);
			name = "[CP] Check Pods Manifest.lock";
			outputFileListPaths = (
			);
			outputPaths = (
				"$(DERIVED_FILE_DIR)/Pods-IOS-checkManifestLockResult.txt",
			);
			runOnlyForDeploymentPostprocessing = 0;
			shellPath = /bin/sh;
			shellScript = "diff \"${PODS_PODFILE_DIR_PATH}/Podfile.lock\" \"${PODS_ROOT}/Manifest.lock\" > /dev/null\nif [ $? != 0 ] ; then\n    # print error to STDERR\n    echo \"error: The sandbox is not in sync with the Podfile.lock. Run 'pod install' or update your CocoaPods installation.\" >&2\n    exit 1\nfi\n# This output is used by Xcode 'outputs' to avoid re-running this script phase.\necho \"SUCCESS\" > \"${SCRIPT_OUTPUT_FILE_0}\"\n";
			showEnvVarsInLog = 0;
		};
		B65A31BC00A1CF2351984E42 /* [CP] Check Pods Manifest.lock */ = {
			isa = PBXShellScriptBuildPhase;
			buildActionMask = 2147483647;
			files = (
			);
			inputFileListPaths = (
			);
			inputPaths = (
				"${PODS_PODFILE_DIR_PATH}/Podfile.lock",
				"${PODS_ROOT}/Manifest.lock",
			);
			name = "[CP] Check Pods Manifest.lock";
			outputFileListPaths = (
			);
			outputPaths = (
				"$(DERIVED_FILE_DIR)/Pods-IOS-IOSUITests-checkManifestLockResult.txt",
			);
			runOnlyForDeploymentPostprocessing = 0;
			shellPath = /bin/sh;
			shellScript = "diff \"${PODS_PODFILE_DIR_PATH}/Podfile.lock\" \"${PODS_ROOT}/Manifest.lock\" > /dev/null\nif [ $? != 0 ] ; then\n    # print error to STDERR\n    echo \"error: The sandbox is not in sync with the Podfile.lock. Run 'pod install' or update your CocoaPods installation.\" >&2\n    exit 1\nfi\n# This output is used by Xcode 'outputs' to avoid re-running this script phase.\necho \"SUCCESS\" > \"${SCRIPT_OUTPUT_FILE_0}\"\n";
			showEnvVarsInLog = 0;
		};
		C625262313CE49BBF38D7376 /* [CP] Embed Pods Frameworks */ = {
			isa = PBXShellScriptBuildPhase;
			buildActionMask = 2147483647;
			files = (
			);
			inputFileListPaths = (
				"${PODS_ROOT}/Target Support Files/Pods-IOS/Pods-IOS-frameworks-${CONFIGURATION}-input-files.xcfilelist",
			);
			name = "[CP] Embed Pods Frameworks";
			outputFileListPaths = (
				"${PODS_ROOT}/Target Support Files/Pods-IOS/Pods-IOS-frameworks-${CONFIGURATION}-output-files.xcfilelist",
			);
			runOnlyForDeploymentPostprocessing = 0;
			shellPath = /bin/sh;
			shellScript = "\"${PODS_ROOT}/Target Support Files/Pods-IOS/Pods-IOS-frameworks.sh\"\n";
			showEnvVarsInLog = 0;
		};
/* End PBXShellScriptBuildPhase section */

/* Begin PBXSourcesBuildPhase section */
		39B3D63125E37F0B003C3756 /* Sources */ = {
			isa = PBXSourcesBuildPhase;
			buildActionMask = 2147483647;
			files = (
				390895402612BE1000480F82 /* ChattingViewController.swift in Sources */,
				39B8270426086AE8009D5769 /* PlusFriendViewController.swift in Sources */,
				39BCBA86260242C000273D5B /* FriendsView.swift in Sources */,
				39CE7A1D260477EA00BD3CB7 /* FriendsTopBar.swift in Sources */,
				39C7622926048BF80046EF3C /* ChattingView.swift in Sources */,
				39BCBA7E2602291400273D5B /* HomeView.swift in Sources */,
				39C41B922607885A006D6509 /* FriendsViewTableClass.swift in Sources */,
				395E1BDE25F6616400616684 /* SignInEmailViewController.swift in Sources */,
				39500D8925F7B8DB0062EFAD /* UserFunction.swift in Sources */,
				39CE7A13260473D100BD3CB7 /* HomeTopBar.swift in Sources */,
				39BA700A2600DB46009CB3CE /* SideMenuView.swift in Sources */,
				399652B8260C272700E1B1C4 /* PlusRoomViewController.swift in Sources */,
				39500D4D25F7ACC90062EFAD /* BurningUpMainViewController.swift in Sources */,
				391555C4260DAB85003D021A /* Rooms.swift in Sources */,
				39500D5225F7B38E0062EFAD /* ResetPasswordViewController.swift in Sources */,
				39B3D63925E37F0B003C3756 /* AppDelegate.swift in Sources */,
				39BA700F2600DD2D009CB3CE /* ViewExtension.swift in Sources */,
				395E1BD125F653E800616684 /* LoginViewController.swift in Sources */,
				39CE7A272604780E00BD3CB7 /* ChattingTopBar.swift in Sources */,
				39500D5725F7B6D90062EFAD /* SignInImageNicknameViewcontroller.swift in Sources */,
				39B3D63B25E37F0B003C3756 /* SceneDelegate.swift in Sources */,
				396A69A8260F726900D41EFB /* ChattingViewTableClass.swift in Sources */,
				399A95182601C2CE00241661 /* MemoView.swift in Sources */,
				39A1117B25FF226D00A54A5C /* RoomSummaryView.swift in Sources */,
			);
			runOnlyForDeploymentPostprocessing = 0;
		};
		39B3D64725E37F0B003C3756 /* Sources */ = {
			isa = PBXSourcesBuildPhase;
			buildActionMask = 2147483647;
			files = (
				39B3D65025E37F0B003C3756 /* IOSTests.swift in Sources */,
			);
			runOnlyForDeploymentPostprocessing = 0;
		};
		39B3D65225E37F0B003C3756 /* Sources */ = {
			isa = PBXSourcesBuildPhase;
			buildActionMask = 2147483647;
			files = (
				39B3D65B25E37F0B003C3756 /* IOSUITests.swift in Sources */,
			);
			runOnlyForDeploymentPostprocessing = 0;
		};
/* End PBXSourcesBuildPhase section */

/* Begin PBXTargetDependency section */
		39B3D64D25E37F0B003C3756 /* PBXTargetDependency */ = {
			isa = PBXTargetDependency;
			target = 39B3D63425E37F0B003C3756 /* IOS */;
			targetProxy = 39B3D64C25E37F0B003C3756 /* PBXContainerItemProxy */;
		};
		39B3D65825E37F0B003C3756 /* PBXTargetDependency */ = {
			isa = PBXTargetDependency;
			target = 39B3D63425E37F0B003C3756 /* IOS */;
			targetProxy = 39B3D65725E37F0B003C3756 /* PBXContainerItemProxy */;
		};
/* End PBXTargetDependency section */

/* Begin PBXVariantGroup section */
		39B3D64325E37F0B003C3756 /* LaunchScreen.storyboard */ = {
			isa = PBXVariantGroup;
			children = (
				39B3D64425E37F0B003C3756 /* Base */,
			);
			name = LaunchScreen.storyboard;
			sourceTree = "<group>";
		};
/* End PBXVariantGroup section */

/* Begin XCBuildConfiguration section */
		39B3D65D25E37F0B003C3756 /* Debug */ = {
			isa = XCBuildConfiguration;
			buildSettings = {
				ALWAYS_SEARCH_USER_PATHS = NO;
				CLANG_ANALYZER_NONNULL = YES;
				CLANG_ANALYZER_NUMBER_OBJECT_CONVERSION = YES_AGGRESSIVE;
				CLANG_CXX_LANGUAGE_STANDARD = "gnu++14";
				CLANG_CXX_LIBRARY = "libc++";
				CLANG_ENABLE_MODULES = YES;
				CLANG_ENABLE_OBJC_ARC = YES;
				CLANG_ENABLE_OBJC_WEAK = YES;
				CLANG_WARN_BLOCK_CAPTURE_AUTORELEASING = YES;
				CLANG_WARN_BOOL_CONVERSION = YES;
				CLANG_WARN_COMMA = YES;
				CLANG_WARN_CONSTANT_CONVERSION = YES;
				CLANG_WARN_DEPRECATED_OBJC_IMPLEMENTATIONS = YES;
				CLANG_WARN_DIRECT_OBJC_ISA_USAGE = YES_ERROR;
				CLANG_WARN_DOCUMENTATION_COMMENTS = YES;
				CLANG_WARN_EMPTY_BODY = YES;
				CLANG_WARN_ENUM_CONVERSION = YES;
				CLANG_WARN_INFINITE_RECURSION = YES;
				CLANG_WARN_INT_CONVERSION = YES;
				CLANG_WARN_NON_LITERAL_NULL_CONVERSION = YES;
				CLANG_WARN_OBJC_IMPLICIT_RETAIN_SELF = YES;
				CLANG_WARN_OBJC_LITERAL_CONVERSION = YES;
				CLANG_WARN_OBJC_ROOT_CLASS = YES_ERROR;
				CLANG_WARN_QUOTED_INCLUDE_IN_FRAMEWORK_HEADER = YES;
				CLANG_WARN_RANGE_LOOP_ANALYSIS = YES;
				CLANG_WARN_STRICT_PROTOTYPES = YES;
				CLANG_WARN_SUSPICIOUS_MOVE = YES;
				CLANG_WARN_UNGUARDED_AVAILABILITY = YES_AGGRESSIVE;
				CLANG_WARN_UNREACHABLE_CODE = YES;
				CLANG_WARN__DUPLICATE_METHOD_MATCH = YES;
				COPY_PHASE_STRIP = NO;
				DEBUG_INFORMATION_FORMAT = dwarf;
				ENABLE_STRICT_OBJC_MSGSEND = YES;
				ENABLE_TESTABILITY = YES;
				GCC_C_LANGUAGE_STANDARD = gnu11;
				GCC_DYNAMIC_NO_PIC = NO;
				GCC_NO_COMMON_BLOCKS = YES;
				GCC_OPTIMIZATION_LEVEL = 0;
				GCC_PREPROCESSOR_DEFINITIONS = (
					"DEBUG=1",
					"$(inherited)",
				);
				GCC_WARN_64_TO_32_BIT_CONVERSION = YES;
				GCC_WARN_ABOUT_RETURN_TYPE = YES_ERROR;
				GCC_WARN_UNDECLARED_SELECTOR = YES;
				GCC_WARN_UNINITIALIZED_AUTOS = YES_AGGRESSIVE;
				GCC_WARN_UNUSED_FUNCTION = YES;
				GCC_WARN_UNUSED_VARIABLE = YES;
				IPHONEOS_DEPLOYMENT_TARGET = 14.4;
				MTL_ENABLE_DEBUG_INFO = INCLUDE_SOURCE;
				MTL_FAST_MATH = YES;
				ONLY_ACTIVE_ARCH = YES;
				SDKROOT = iphoneos;
				SWIFT_ACTIVE_COMPILATION_CONDITIONS = DEBUG;
				SWIFT_OPTIMIZATION_LEVEL = "-Onone";
			};
			name = Debug;
		};
		39B3D65E25E37F0B003C3756 /* Release */ = {
			isa = XCBuildConfiguration;
			buildSettings = {
				ALWAYS_SEARCH_USER_PATHS = NO;
				CLANG_ANALYZER_NONNULL = YES;
				CLANG_ANALYZER_NUMBER_OBJECT_CONVERSION = YES_AGGRESSIVE;
				CLANG_CXX_LANGUAGE_STANDARD = "gnu++14";
				CLANG_CXX_LIBRARY = "libc++";
				CLANG_ENABLE_MODULES = YES;
				CLANG_ENABLE_OBJC_ARC = YES;
				CLANG_ENABLE_OBJC_WEAK = YES;
				CLANG_WARN_BLOCK_CAPTURE_AUTORELEASING = YES;
				CLANG_WARN_BOOL_CONVERSION = YES;
				CLANG_WARN_COMMA = YES;
				CLANG_WARN_CONSTANT_CONVERSION = YES;
				CLANG_WARN_DEPRECATED_OBJC_IMPLEMENTATIONS = YES;
				CLANG_WARN_DIRECT_OBJC_ISA_USAGE = YES_ERROR;
				CLANG_WARN_DOCUMENTATION_COMMENTS = YES;
				CLANG_WARN_EMPTY_BODY = YES;
				CLANG_WARN_ENUM_CONVERSION = YES;
				CLANG_WARN_INFINITE_RECURSION = YES;
				CLANG_WARN_INT_CONVERSION = YES;
				CLANG_WARN_NON_LITERAL_NULL_CONVERSION = YES;
				CLANG_WARN_OBJC_IMPLICIT_RETAIN_SELF = YES;
				CLANG_WARN_OBJC_LITERAL_CONVERSION = YES;
				CLANG_WARN_OBJC_ROOT_CLASS = YES_ERROR;
				CLANG_WARN_QUOTED_INCLUDE_IN_FRAMEWORK_HEADER = YES;
				CLANG_WARN_RANGE_LOOP_ANALYSIS = YES;
				CLANG_WARN_STRICT_PROTOTYPES = YES;
				CLANG_WARN_SUSPICIOUS_MOVE = YES;
				CLANG_WARN_UNGUARDED_AVAILABILITY = YES_AGGRESSIVE;
				CLANG_WARN_UNREACHABLE_CODE = YES;
				CLANG_WARN__DUPLICATE_METHOD_MATCH = YES;
				COPY_PHASE_STRIP = NO;
				DEBUG_INFORMATION_FORMAT = "dwarf-with-dsym";
				ENABLE_NS_ASSERTIONS = NO;
				ENABLE_STRICT_OBJC_MSGSEND = YES;
				GCC_C_LANGUAGE_STANDARD = gnu11;
				GCC_NO_COMMON_BLOCKS = YES;
				GCC_WARN_64_TO_32_BIT_CONVERSION = YES;
				GCC_WARN_ABOUT_RETURN_TYPE = YES_ERROR;
				GCC_WARN_UNDECLARED_SELECTOR = YES;
				GCC_WARN_UNINITIALIZED_AUTOS = YES_AGGRESSIVE;
				GCC_WARN_UNUSED_FUNCTION = YES;
				GCC_WARN_UNUSED_VARIABLE = YES;
				IPHONEOS_DEPLOYMENT_TARGET = 14.4;
				MTL_ENABLE_DEBUG_INFO = NO;
				MTL_FAST_MATH = YES;
				SDKROOT = iphoneos;
				SWIFT_COMPILATION_MODE = wholemodule;
				SWIFT_OPTIMIZATION_LEVEL = "-O";
				VALIDATE_PRODUCT = YES;
			};
			name = Release;
		};
		39B3D66025E37F0B003C3756 /* Debug */ = {
			isa = XCBuildConfiguration;
			baseConfigurationReference = 721E893BDC20C65836FEB09A /* Pods-IOS.debug.xcconfig */;
			buildSettings = {
				ASSETCATALOG_COMPILER_APPICON_NAME = AppIcon;
				ASSETCATALOG_COMPILER_GLOBAL_ACCENT_COLOR_NAME = AccentColor;
				CODE_SIGN_STYLE = Automatic;
				DEVELOPMENT_TEAM = 5HHBUD9SB9;
				INFOPLIST_FILE = IOS/Info.plist;
				LD_RUNPATH_SEARCH_PATHS = (
					"$(inherited)",
					"@executable_path/Frameworks",
				);
				PRODUCT_BUNDLE_IDENTIFIER = com.fire.IOS;
				PRODUCT_NAME = "$(TARGET_NAME)";
				SWIFT_VERSION = 5.0;
				TARGETED_DEVICE_FAMILY = 1;
			};
			name = Debug;
		};
		39B3D66125E37F0B003C3756 /* Release */ = {
			isa = XCBuildConfiguration;
			baseConfigurationReference = 7BA500C117AD6B4530673BB8 /* Pods-IOS.release.xcconfig */;
			buildSettings = {
				ASSETCATALOG_COMPILER_APPICON_NAME = AppIcon;
				ASSETCATALOG_COMPILER_GLOBAL_ACCENT_COLOR_NAME = AccentColor;
				CODE_SIGN_STYLE = Automatic;
				DEVELOPMENT_TEAM = 5HHBUD9SB9;
				INFOPLIST_FILE = IOS/Info.plist;
				LD_RUNPATH_SEARCH_PATHS = (
					"$(inherited)",
					"@executable_path/Frameworks",
				);
				PRODUCT_BUNDLE_IDENTIFIER = com.fire.IOS;
				PRODUCT_NAME = "$(TARGET_NAME)";
				SWIFT_VERSION = 5.0;
				TARGETED_DEVICE_FAMILY = 1;
			};
			name = Release;
		};
		39B3D66325E37F0B003C3756 /* Debug */ = {
			isa = XCBuildConfiguration;
			baseConfigurationReference = 350E49AE96982DA21D194493 /* Pods-IOSTests.debug.xcconfig */;
			buildSettings = {
				ALWAYS_EMBED_SWIFT_STANDARD_LIBRARIES = YES;
				BUNDLE_LOADER = "$(TEST_HOST)";
				CODE_SIGN_STYLE = Automatic;
				DEVELOPMENT_TEAM = 5HHBUD9SB9;
				INFOPLIST_FILE = IOSTests/Info.plist;
				IPHONEOS_DEPLOYMENT_TARGET = 14.4;
				LD_RUNPATH_SEARCH_PATHS = (
					"$(inherited)",
					"@executable_path/Frameworks",
					"@loader_path/Frameworks",
				);
				PRODUCT_BUNDLE_IDENTIFIER = com.fire.IOSTests;
				PRODUCT_NAME = "$(TARGET_NAME)";
				SWIFT_VERSION = 5.0;
				TARGETED_DEVICE_FAMILY = "1,2";
				TEST_HOST = "$(BUILT_PRODUCTS_DIR)/IOS.app/IOS";
			};
			name = Debug;
		};
		39B3D66425E37F0B003C3756 /* Release */ = {
			isa = XCBuildConfiguration;
			baseConfigurationReference = 6CAFE1BA32725F3A7C581BA7 /* Pods-IOSTests.release.xcconfig */;
			buildSettings = {
				ALWAYS_EMBED_SWIFT_STANDARD_LIBRARIES = YES;
				BUNDLE_LOADER = "$(TEST_HOST)";
				CODE_SIGN_STYLE = Automatic;
				DEVELOPMENT_TEAM = 5HHBUD9SB9;
				INFOPLIST_FILE = IOSTests/Info.plist;
				IPHONEOS_DEPLOYMENT_TARGET = 14.4;
				LD_RUNPATH_SEARCH_PATHS = (
					"$(inherited)",
					"@executable_path/Frameworks",
					"@loader_path/Frameworks",
				);
				PRODUCT_BUNDLE_IDENTIFIER = com.fire.IOSTests;
				PRODUCT_NAME = "$(TARGET_NAME)";
				SWIFT_VERSION = 5.0;
				TARGETED_DEVICE_FAMILY = "1,2";
				TEST_HOST = "$(BUILT_PRODUCTS_DIR)/IOS.app/IOS";
			};
			name = Release;
		};
		39B3D66625E37F0B003C3756 /* Debug */ = {
			isa = XCBuildConfiguration;
			baseConfigurationReference = A37DE78A9CD651B784CEB482 /* Pods-IOS-IOSUITests.debug.xcconfig */;
			buildSettings = {
				ALWAYS_EMBED_SWIFT_STANDARD_LIBRARIES = YES;
				CODE_SIGN_STYLE = Automatic;
				DEVELOPMENT_TEAM = 5HHBUD9SB9;
				INFOPLIST_FILE = IOSUITests/Info.plist;
				LD_RUNPATH_SEARCH_PATHS = (
					"$(inherited)",
					"@executable_path/Frameworks",
					"@loader_path/Frameworks",
				);
				PRODUCT_BUNDLE_IDENTIFIER = com.fire.IOSUITests;
				PRODUCT_NAME = "$(TARGET_NAME)";
				SWIFT_VERSION = 5.0;
				TARGETED_DEVICE_FAMILY = "1,2";
				TEST_TARGET_NAME = IOS;
			};
			name = Debug;
		};
		39B3D66725E37F0B003C3756 /* Release */ = {
			isa = XCBuildConfiguration;
			baseConfigurationReference = 715C07CBB3209217E95FD51E /* Pods-IOS-IOSUITests.release.xcconfig */;
			buildSettings = {
				ALWAYS_EMBED_SWIFT_STANDARD_LIBRARIES = YES;
				CODE_SIGN_STYLE = Automatic;
				DEVELOPMENT_TEAM = 5HHBUD9SB9;
				INFOPLIST_FILE = IOSUITests/Info.plist;
				LD_RUNPATH_SEARCH_PATHS = (
					"$(inherited)",
					"@executable_path/Frameworks",
					"@loader_path/Frameworks",
				);
				PRODUCT_BUNDLE_IDENTIFIER = com.fire.IOSUITests;
				PRODUCT_NAME = "$(TARGET_NAME)";
				SWIFT_VERSION = 5.0;
				TARGETED_DEVICE_FAMILY = "1,2";
				TEST_TARGET_NAME = IOS;
			};
			name = Release;
		};
/* End XCBuildConfiguration section */

/* Begin XCConfigurationList section */
		39B3D63025E37F0B003C3756 /* Build configuration list for PBXProject "IOS" */ = {
			isa = XCConfigurationList;
			buildConfigurations = (
				39B3D65D25E37F0B003C3756 /* Debug */,
				39B3D65E25E37F0B003C3756 /* Release */,
			);
			defaultConfigurationIsVisible = 0;
			defaultConfigurationName = Release;
		};
		39B3D65F25E37F0B003C3756 /* Build configuration list for PBXNativeTarget "IOS" */ = {
			isa = XCConfigurationList;
			buildConfigurations = (
				39B3D66025E37F0B003C3756 /* Debug */,
				39B3D66125E37F0B003C3756 /* Release */,
			);
			defaultConfigurationIsVisible = 0;
			defaultConfigurationName = Release;
		};
		39B3D66225E37F0B003C3756 /* Build configuration list for PBXNativeTarget "IOSTests" */ = {
			isa = XCConfigurationList;
			buildConfigurations = (
				39B3D66325E37F0B003C3756 /* Debug */,
				39B3D66425E37F0B003C3756 /* Release */,
			);
			defaultConfigurationIsVisible = 0;
			defaultConfigurationName = Release;
		};
		39B3D66525E37F0B003C3756 /* Build configuration list for PBXNativeTarget "IOSUITests" */ = {
			isa = XCConfigurationList;
			buildConfigurations = (
				39B3D66625E37F0B003C3756 /* Debug */,
				39B3D66725E37F0B003C3756 /* Release */,
			);
			defaultConfigurationIsVisible = 0;
			defaultConfigurationName = Release;
		};
/* End XCConfigurationList section */
	};
	rootObject = 39B3D62D25E37F0B003C3756 /* Project object */;
}
